
Microsoft Visual Studio Solution File, Format Version 12.00
# Visual Studio Version 16
VisualStudioVersion = 25.0.1706.3
MinimumVisualStudioVersion = 10.0.40219.1
Project("{FAE04EC0-301F-11D3-BF4B-00C04F79EFBC}") = "lorcana", "lorcana\lorcana.csproj", "{97EFD3B5-874F-4BE5-95BF-2540625C1D4C}"
EndProject
Project("{FAE04EC0-301F-11D3-BF4B-00C04F79EFBC}") = "lorcanaCards", "lorcanaCards\lorcanaCards.csproj", "{426B5D16-CDAC-4D30-BD92-70DDC880F647}"
EndProject
Global
	GlobalSection(SolutionConfigurationPlatforms) = preSolution
		Debug|Any CPU = Debug|Any CPU
		Release|Any CPU = Release|Any CPU
	EndGlobalSection
	GlobalSection(ProjectConfigurationPlatforms) = postSolution
		{97EFD3B5-874F-4BE5-95BF-2540625C1D4C}.Debug|Any CPU.ActiveCfg = Debug|Any CPU
		{97EFD3B5-874F-4BE5-95BF-2540625C1D4C}.Debug|Any CPU.Build.0 = Debug|Any CPU
		{97EFD3B5-874F-4BE5-95BF-2540625C1D4C}.Release|Any CPU.ActiveCfg = Release|Any CPU
		{97EFD3B5-874F-4BE5-95BF-2540625C1D4C}.Release|Any CPU.Build.0 = Release|Any CPU
		{426B5D16-CDAC-4D30-BD92-70DDC880F647}.Debug|Any CPU.ActiveCfg = Debug|Any CPU
		{426B5D16-CDAC-4D30-BD92-70DDC880F647}.Debug|Any CPU.Build.0 = Debug|Any CPU
		{426B5D16-CDAC-4D30-BD92-70DDC880F647}.Release|Any CPU.ActiveCfg = Release|Any CPU
		{426B5D16-CDAC-4D30-BD92-70DDC880F647}.Release|Any CPU.Build.0 = Release|Any CPU
	EndGlobalSection
	GlobalSection(SolutionProperties) = preSolution
		HideSolutionNode = FALSE
	EndGlobalSection
	GlobalSection(ExtensibilityGlobals) = postSolution
		SolutionGuid = {5EAF70CA-BD10-4956-89C2-DA2D61489240}
	EndGlobalSection
EndGlobal
